{
  "requires": true,
  "lockfileVersion": 1,
  "dependencies": {
    "yengin": {
      "version": "2.1.4",
      "resolved": "https://registry.npmjs.org/yengin/-/yengin-2.1.4.tgz",
      "integrity": "sha512-eKl7mcgd41bQ45o2QzRLpeGfyCMtUgvisXHiTZb/VFwfmaW3X2zbH9ewUazPlg2/hylQQyTWoXDhHSFZJcLSog=="
    }
  }
}
